
Microsoft Visual Studio Solution File, Format Version 12.00
# Visual Studio Version 17
VisualStudioVersion = 17.0.31903.59
MinimumVisualStudioVersion = 10.0.40219.1
Project("{9A19103F-16F7-4668-BE54-9A1E7A4F7556}") = "Restaurants.API", "Restaurants.API\Restaurants.API.csproj", "{3C27E0EE-EF9E-4EA4-98AA-F3E64B2500B2}"
EndProject
Project("{9A19103F-16F7-4668-BE54-9A1E7A4F7556}") = "Restaurants.Domain", "Restaurants.Domain\Restaurants.Domain.csproj", "{F83D90AE-7E20-41E6-BF76-06D55E822031}"
EndProject
Project("{FAE04EC0-301F-11D3-BF4B-00C04F79EFBC}") = "Restaurants.Application", "Restaurants.Application\Restaurants.Application.csproj", "{3236811B-8196-456E-B40E-1F1270FB9D28}"
EndProject
Project("{FAE04EC0-301F-11D3-BF4B-00C04F79EFBC}") = "Restaurants.Infrastructure", "Restaurants.Infrastructure\Restaurants.Infrastructure.csproj", "{4EA3D3A5-3F69-4A36-9DB6-24E442AFC88A}"
EndProject
Global
	GlobalSection(SolutionConfigurationPlatforms) = preSolution
		Debug|Any CPU = Debug|Any CPU
		Release|Any CPU = Release|Any CPU
	EndGlobalSection
	GlobalSection(ProjectConfigurationPlatforms) = postSolution
		{3C27E0EE-EF9E-4EA4-98AA-F3E64B2500B2}.Debug|Any CPU.ActiveCfg = Debug|Any CPU
		{3C27E0EE-EF9E-4EA4-98AA-F3E64B2500B2}.Debug|Any CPU.Build.0 = Debug|Any CPU
		{3C27E0EE-EF9E-4EA4-98AA-F3E64B2500B2}.Release|Any CPU.ActiveCfg = Release|Any CPU
		{3C27E0EE-EF9E-4EA4-98AA-F3E64B2500B2}.Release|Any CPU.Build.0 = Release|Any CPU
		{F83D90AE-7E20-41E6-BF76-06D55E822031}.Debug|Any CPU.ActiveCfg = Debug|Any CPU
		{F83D90AE-7E20-41E6-BF76-06D55E822031}.Debug|Any CPU.Build.0 = Debug|Any CPU
		{F83D90AE-7E20-41E6-BF76-06D55E822031}.Release|Any CPU.ActiveCfg = Release|Any CPU
		{F83D90AE-7E20-41E6-BF76-06D55E822031}.Release|Any CPU.Build.0 = Release|Any CPU
		{3236811B-8196-456E-B40E-1F1270FB9D28}.Debug|Any CPU.ActiveCfg = Debug|Any CPU
		{3236811B-8196-456E-B40E-1F1270FB9D28}.Debug|Any CPU.Build.0 = Debug|Any CPU
		{3236811B-8196-456E-B40E-1F1270FB9D28}.Release|Any CPU.ActiveCfg = Release|Any CPU
		{3236811B-8196-456E-B40E-1F1270FB9D28}.Release|Any CPU.Build.0 = Release|Any CPU
		{4EA3D3A5-3F69-4A36-9DB6-24E442AFC88A}.Debug|Any CPU.ActiveCfg = Debug|Any CPU
		{4EA3D3A5-3F69-4A36-9DB6-24E442AFC88A}.Debug|Any CPU.Build.0 = Debug|Any CPU
		{4EA3D3A5-3F69-4A36-9DB6-24E442AFC88A}.Release|Any CPU.ActiveCfg = Release|Any CPU
		{4EA3D3A5-3F69-4A36-9DB6-24E442AFC88A}.Release|Any CPU.Build.0 = Release|Any CPU
	EndGlobalSection
	GlobalSection(SolutionProperties) = preSolution
		HideSolutionNode = FALSE
	EndGlobalSection
	GlobalSection(ExtensibilityGlobals) = postSolution
		SolutionGuid = {D37F3F06-4CF6-4F4A-AD78-1E58B7023D0E}
	EndGlobalSection
EndGlobal
